// !$*UTF8*$!
{
	archiveVersion = 1;
	classes = {
	};
	objectVersion = 50;
	objects = {

/* Begin PBXBuildFile section */
		4A0F4ABE23951848000C609F /* PKIndicatorView.swift in Sources */ = {isa = PBXBuildFile; fileRef = 4A0F4AB523951848000C609F /* PKIndicatorView.swift */; };
		4A0F4ABF23951848000C609F /* PKBallRotateChaseAnimation.swift in Sources */ = {isa = PBXBuildFile; fileRef = 4A0F4AB623951848000C609F /* PKBallRotateChaseAnimation.swift */; };
		4A0F4AC023951848000C609F /* PKLoader.swift in Sources */ = {isa = PBXBuildFile; fileRef = 4A0F4AB723951848000C609F /* PKLoader.swift */; };
		4A0F4AC123951848000C609F /* PKBallSpinFadeAnimation.swift in Sources */ = {isa = PBXBuildFile; fileRef = 4A0F4AB823951848000C609F /* PKBallSpinFadeAnimation.swift */; };
		4A0F4AC223951848000C609F /* PKActivityIndicatorAnimation.swift in Sources */ = {isa = PBXBuildFile; fileRef = 4A0F4AB923951848000C609F /* PKActivityIndicatorAnimation.swift */; };
		4A0F4AC323951848000C609F /* PKIndicatorShape.swift in Sources */ = {isa = PBXBuildFile; fileRef = 4A0F4ABA23951848000C609F /* PKIndicatorShape.swift */; };
		4A0F4AC423951848000C609F /* PKLoaderSettings.swift in Sources */ = {isa = PBXBuildFile; fileRef = 4A0F4ABB23951848000C609F /* PKLoaderSettings.swift */; };
		4A0F4AC523951848000C609F /* PKCircleStrokeSpinAnimation.swift in Sources */ = {isa = PBXBuildFile; fileRef = 4A0F4ABC23951848000C609F /* PKCircleStrokeSpinAnimation.swift */; };
		4A0F4AC623951848000C609F /* PKBallClipRotateAnimation.swift in Sources */ = {isa = PBXBuildFile; fileRef = 4A0F4ABD23951848000C609F /* PKBallClipRotateAnimation.swift */; };
		89D918192394CB1B00862EFF /* AppDelegate.swift in Sources */ = {isa = PBXBuildFile; fileRef = 89D918182394CB1B00862EFF /* AppDelegate.swift */; };
		89D9181B2394CB1B00862EFF /* ViewController.swift in Sources */ = {isa = PBXBuildFile; fileRef = 89D9181A2394CB1B00862EFF /* ViewController.swift */; };
		89D9181E2394CB1B00862EFF /* Main.storyboard in Resources */ = {isa = PBXBuildFile; fileRef = 89D9181C2394CB1B00862EFF /* Main.storyboard */; };
		89D918202394CB1E00862EFF /* Assets.xcassets in Resources */ = {isa = PBXBuildFile; fileRef = 89D9181F2394CB1E00862EFF /* Assets.xcassets */; };
		89D918232394CB1E00862EFF /* LaunchScreen.storyboard in Resources */ = {isa = PBXBuildFile; fileRef = 89D918212394CB1E00862EFF /* LaunchScreen.storyboard */; };
		89D9182E2394CB1E00862EFF /* MapApplicationTests.swift in Sources */ = {isa = PBXBuildFile; fileRef = 89D9182D2394CB1E00862EFF /* MapApplicationTests.swift */; };
		89D918392394CB1E00862EFF /* MapApplicationUITests.swift in Sources */ = {isa = PBXBuildFile; fileRef = 89D918382394CB1E00862EFF /* MapApplicationUITests.swift */; };
		89D9184A2394CE5B00862EFF /* MapModel.swift in Sources */ = {isa = PBXBuildFile; fileRef = 89D918492394CE5B00862EFF /* MapModel.swift */; };
		89D918512394D6B200862EFF /* Service.swift in Sources */ = {isa = PBXBuildFile; fileRef = 89D9184D2394D6B200862EFF /* Service.swift */; };
		89D918522394D6B200862EFF /* ServiceConstants.swift in Sources */ = {isa = PBXBuildFile; fileRef = 89D9184E2394D6B200862EFF /* ServiceConstants.swift */; };
		89D918552394E09100862EFF /* VehicleListViewController.swift in Sources */ = {isa = PBXBuildFile; fileRef = 89D918542394E09100862EFF /* VehicleListViewController.swift */; };
		89D918572394E0A500862EFF /* VehicleMapViewController.swift in Sources */ = {isa = PBXBuildFile; fileRef = 89D918562394E0A500862EFF /* VehicleMapViewController.swift */; };
		89D918592394E0CA00862EFF /* VehicleListViewModel.swift in Sources */ = {isa = PBXBuildFile; fileRef = 89D918582394E0CA00862EFF /* VehicleListViewModel.swift */; };
		89D9185B2394E0D300862EFF /* VehicleMapViewModel.swift in Sources */ = {isa = PBXBuildFile; fileRef = 89D9185A2394E0D300862EFF /* VehicleMapViewModel.swift */; };
		89D9185D2394E2FB00862EFF /* VehicleTableViewCell.swift in Sources */ = {isa = PBXBuildFile; fileRef = 89D9185C2394E2FB00862EFF /* VehicleTableViewCell.swift */; };
		89D9185F2394E34C00862EFF /* VehicleTableViewCell.xib in Resources */ = {isa = PBXBuildFile; fileRef = 89D9185E2394E34C00862EFF /* VehicleTableViewCell.xib */; };
		89D91862239506C700862EFF /* Navigation.swift in Sources */ = {isa = PBXBuildFile; fileRef = 89D91861239506C700862EFF /* Navigation.swift */; };
		89D918652395108100862EFF /* AppGlobal.swift in Sources */ = {isa = PBXBuildFile; fileRef = 89D918642395107800862EFF /* AppGlobal.swift */; };
		89D91867239512CD00862EFF /* VehicleAnnotation.swift in Sources */ = {isa = PBXBuildFile; fileRef = 89D91866239512CD00862EFF /* VehicleAnnotation.swift */; };
/* End PBXBuildFile section */

/* Begin PBXContainerItemProxy section */
		89D9182A2394CB1E00862EFF /* PBXContainerItemProxy */ = {
			isa = PBXContainerItemProxy;
			containerPortal = 89D9180D2394CB1B00862EFF /* Project object */;
			proxyType = 1;
			remoteGlobalIDString = 89D918142394CB1B00862EFF;
			remoteInfo = MapApplication;
		};
		89D918352394CB1E00862EFF /* PBXContainerItemProxy */ = {
			isa = PBXContainerItemProxy;
			containerPortal = 89D9180D2394CB1B00862EFF /* Project object */;
			proxyType = 1;
			remoteGlobalIDString = 89D918142394CB1B00862EFF;
			remoteInfo = MapApplication;
		};
/* End PBXContainerItemProxy section */

/* Begin PBXFileReference section */
		4A0F4AB523951848000C609F /* PKIndicatorView.swift */ = {isa = PBXFileReference; fileEncoding = 4; lastKnownFileType = sourcecode.swift; path = PKIndicatorView.swift; sourceTree = "<group>"; };
		4A0F4AB623951848000C609F /* PKBallRotateChaseAnimation.swift */ = {isa = PBXFileReference; fileEncoding = 4; lastKnownFileType = sourcecode.swift; path = PKBallRotateChaseAnimation.swift; sourceTree = "<group>"; };
		4A0F4AB723951848000C609F /* PKLoader.swift */ = {isa = PBXFileReference; fileEncoding = 4; lastKnownFileType = sourcecode.swift; path = PKLoader.swift; sourceTree = "<group>"; };
		4A0F4AB823951848000C609F /* PKBallSpinFadeAnimation.swift */ = {isa = PBXFileReference; fileEncoding = 4; lastKnownFileType = sourcecode.swift; path = PKBallSpinFadeAnimation.swift; sourceTree = "<group>"; };
		4A0F4AB923951848000C609F /* PKActivityIndicatorAnimation.swift */ = {isa = PBXFileReference; fileEncoding = 4; lastKnownFileType = sourcecode.swift; path = PKActivityIndicatorAnimation.swift; sourceTree = "<group>"; };
		4A0F4ABA23951848000C609F /* PKIndicatorShape.swift */ = {isa = PBXFileReference; fileEncoding = 4; lastKnownFileType = sourcecode.swift; path = PKIndicatorShape.swift; sourceTree = "<group>"; };
		4A0F4ABB23951848000C609F /* PKLoaderSettings.swift */ = {isa = PBXFileReference; fileEncoding = 4; lastKnownFileType = sourcecode.swift; path = PKLoaderSettings.swift; sourceTree = "<group>"; };
		4A0F4ABC23951848000C609F /* PKCircleStrokeSpinAnimation.swift */ = {isa = PBXFileReference; fileEncoding = 4; lastKnownFileType = sourcecode.swift; path = PKCircleStrokeSpinAnimation.swift; sourceTree = "<group>"; };
		4A0F4ABD23951848000C609F /* PKBallClipRotateAnimation.swift */ = {isa = PBXFileReference; fileEncoding = 4; lastKnownFileType = sourcecode.swift; path = PKBallClipRotateAnimation.swift; sourceTree = "<group>"; };
		89D918152394CB1B00862EFF /* MapApplication.app */ = {isa = PBXFileReference; explicitFileType = wrapper.application; includeInIndex = 0; path = MapApplication.app; sourceTree = BUILT_PRODUCTS_DIR; };
		89D918182394CB1B00862EFF /* AppDelegate.swift */ = {isa = PBXFileReference; lastKnownFileType = sourcecode.swift; path = AppDelegate.swift; sourceTree = "<group>"; };
		89D9181A2394CB1B00862EFF /* ViewController.swift */ = {isa = PBXFileReference; lastKnownFileType = sourcecode.swift; path = ViewController.swift; sourceTree = "<group>"; };
		89D9181D2394CB1B00862EFF /* Base */ = {isa = PBXFileReference; lastKnownFileType = file.storyboard; name = Base; path = Base.lproj/Main.storyboard; sourceTree = "<group>"; };
		89D9181F2394CB1E00862EFF /* Assets.xcassets */ = {isa = PBXFileReference; lastKnownFileType = folder.assetcatalog; path = Assets.xcassets; sourceTree = "<group>"; };
		89D918222394CB1E00862EFF /* Base */ = {isa = PBXFileReference; lastKnownFileType = file.storyboard; name = Base; path = Base.lproj/LaunchScreen.storyboard; sourceTree = "<group>"; };
		89D918242394CB1E00862EFF /* Info.plist */ = {isa = PBXFileReference; lastKnownFileType = text.plist.xml; path = Info.plist; sourceTree = "<group>"; };
		89D918292394CB1E00862EFF /* MapApplicationTests.xctest */ = {isa = PBXFileReference; explicitFileType = wrapper.cfbundle; includeInIndex = 0; path = MapApplicationTests.xctest; sourceTree = BUILT_PRODUCTS_DIR; };
		89D9182D2394CB1E00862EFF /* MapApplicationTests.swift */ = {isa = PBXFileReference; lastKnownFileType = sourcecode.swift; path = MapApplicationTests.swift; sourceTree = "<group>"; };
		89D9182F2394CB1E00862EFF /* Info.plist */ = {isa = PBXFileReference; lastKnownFileType = text.plist.xml; path = Info.plist; sourceTree = "<group>"; };
		89D918342394CB1E00862EFF /* MapApplicationUITests.xctest */ = {isa = PBXFileReference; explicitFileType = wrapper.cfbundle; includeInIndex = 0; path = MapApplicationUITests.xctest; sourceTree = BUILT_PRODUCTS_DIR; };
		89D918382394CB1E00862EFF /* MapApplicationUITests.swift */ = {isa = PBXFileReference; lastKnownFileType = sourcecode.swift; path = MapApplicationUITests.swift; sourceTree = "<group>"; };
		89D9183A2394CB1E00862EFF /* Info.plist */ = {isa = PBXFileReference; lastKnownFileType = text.plist.xml; path = Info.plist; sourceTree = "<group>"; };
		89D918492394CE5B00862EFF /* MapModel.swift */ = {isa = PBXFileReference; lastKnownFileType = sourcecode.swift; path = MapModel.swift; sourceTree = "<group>"; };
		89D9184D2394D6B200862EFF /* Service.swift */ = {isa = PBXFileReference; fileEncoding = 4; lastKnownFileType = sourcecode.swift; path = Service.swift; sourceTree = "<group>"; };
		89D9184E2394D6B200862EFF /* ServiceConstants.swift */ = {isa = PBXFileReference; fileEncoding = 4; lastKnownFileType = sourcecode.swift; path = ServiceConstants.swift; sourceTree = "<group>"; };
		89D918542394E09100862EFF /* VehicleListViewController.swift */ = {isa = PBXFileReference; lastKnownFileType = sourcecode.swift; path = VehicleListViewController.swift; sourceTree = "<group>"; };
		89D918562394E0A500862EFF /* VehicleMapViewController.swift */ = {isa = PBXFileReference; lastKnownFileType = sourcecode.swift; path = VehicleMapViewController.swift; sourceTree = "<group>"; };
		89D918582394E0CA00862EFF /* VehicleListViewModel.swift */ = {isa = PBXFileReference; lastKnownFileType = sourcecode.swift; path = VehicleListViewModel.swift; sourceTree = "<group>"; };
		89D9185A2394E0D300862EFF /* VehicleMapViewModel.swift */ = {isa = PBXFileReference; lastKnownFileType = sourcecode.swift; path = VehicleMapViewModel.swift; sourceTree = "<group>"; };
		89D9185C2394E2FB00862EFF /* VehicleTableViewCell.swift */ = {isa = PBXFileReference; lastKnownFileType = sourcecode.swift; path = VehicleTableViewCell.swift; sourceTree = "<group>"; };
		89D9185E2394E34C00862EFF /* VehicleTableViewCell.xib */ = {isa = PBXFileReference; lastKnownFileType = file.xib; path = VehicleTableViewCell.xib; sourceTree = "<group>"; };
		89D91861239506C700862EFF /* Navigation.swift */ = {isa = PBXFileReference; lastKnownFileType = sourcecode.swift; path = Navigation.swift; sourceTree = "<group>"; };
		89D918642395107800862EFF /* AppGlobal.swift */ = {isa = PBXFileReference; fileEncoding = 4; lastKnownFileType = sourcecode.swift; path = AppGlobal.swift; sourceTree = "<group>"; };
		89D91866239512CD00862EFF /* VehicleAnnotation.swift */ = {isa = PBXFileReference; lastKnownFileType = sourcecode.swift; path = VehicleAnnotation.swift; sourceTree = "<group>"; };
/* End PBXFileReference section */

/* Begin PBXFrameworksBuildPhase section */
		89D918122394CB1B00862EFF /* Frameworks */ = {
			isa = PBXFrameworksBuildPhase;
			buildActionMask = 2147483647;
			files = (
			);
			runOnlyForDeploymentPostprocessing = 0;
		};
		89D918262394CB1E00862EFF /* Frameworks */ = {
			isa = PBXFrameworksBuildPhase;
			buildActionMask = 2147483647;
			files = (
			);
			runOnlyForDeploymentPostprocessing = 0;
		};
		89D918312394CB1E00862EFF /* Frameworks */ = {
			isa = PBXFrameworksBuildPhase;
			buildActionMask = 2147483647;
			files = (
			);
			runOnlyForDeploymentPostprocessing = 0;
		};
/* End PBXFrameworksBuildPhase section */

/* Begin PBXGroup section */
		4A0F4AB423951848000C609F /* PKLoader */ = {
			isa = PBXGroup;
			children = (
				4A0F4AB523951848000C609F /* PKIndicatorView.swift */,
				4A0F4AB623951848000C609F /* PKBallRotateChaseAnimation.swift */,
				4A0F4AB723951848000C609F /* PKLoader.swift */,
				4A0F4AB823951848000C609F /* PKBallSpinFadeAnimation.swift */,
				4A0F4AB923951848000C609F /* PKActivityIndicatorAnimation.swift */,
				4A0F4ABA23951848000C609F /* PKIndicatorShape.swift */,
				4A0F4ABB23951848000C609F /* PKLoaderSettings.swift */,
				4A0F4ABC23951848000C609F /* PKCircleStrokeSpinAnimation.swift */,
				4A0F4ABD23951848000C609F /* PKBallClipRotateAnimation.swift */,
			);
			path = PKLoader;
			sourceTree = "<group>";
		};
		89D9180C2394CB1B00862EFF = {
			isa = PBXGroup;
			children = (
				89D918172394CB1B00862EFF /* MapApplication */,
				89D9182C2394CB1E00862EFF /* MapApplicationTests */,
				89D918372394CB1E00862EFF /* MapApplicationUITests */,
				89D918162394CB1B00862EFF /* Products */,
			);
			sourceTree = "<group>";
		};
		89D918162394CB1B00862EFF /* Products */ = {
			isa = PBXGroup;
			children = (
				89D918152394CB1B00862EFF /* MapApplication.app */,
				89D918292394CB1E00862EFF /* MapApplicationTests.xctest */,
				89D918342394CB1E00862EFF /* MapApplicationUITests.xctest */,
			);
			name = Products;
			sourceTree = "<group>";
		};
		89D918172394CB1B00862EFF /* MapApplication */ = {
			isa = PBXGroup;
			children = (
				89D918632395107800862EFF /* Helper */,
				89D918602395068300862EFF /* Navigation */,
				89D9184B2394D46500862EFF /* Networking */,
				89D918472394CE0400862EFF /* Models */,
				89D918482394CE0400862EFF /* Views */,
				89D918182394CB1B00862EFF /* AppDelegate.swift */,
				89D9181A2394CB1B00862EFF /* ViewController.swift */,
				89D9181C2394CB1B00862EFF /* Main.storyboard */,
				89D9181F2394CB1E00862EFF /* Assets.xcassets */,
				89D918212394CB1E00862EFF /* LaunchScreen.storyboard */,
				89D918242394CB1E00862EFF /* Info.plist */,
			);
			path = MapApplication;
			sourceTree = "<group>";
		};
		89D9182C2394CB1E00862EFF /* MapApplicationTests */ = {
			isa = PBXGroup;
			children = (
				89D9182D2394CB1E00862EFF /* MapApplicationTests.swift */,
				89D9182F2394CB1E00862EFF /* Info.plist */,
			);
			path = MapApplicationTests;
			sourceTree = "<group>";
		};
		89D918372394CB1E00862EFF /* MapApplicationUITests */ = {
			isa = PBXGroup;
			children = (
				89D918382394CB1E00862EFF /* MapApplicationUITests.swift */,
				89D9183A2394CB1E00862EFF /* Info.plist */,
			);
			path = MapApplicationUITests;
			sourceTree = "<group>";
		};
		89D918472394CE0400862EFF /* Models */ = {
			isa = PBXGroup;
			children = (
				89D918492394CE5B00862EFF /* MapModel.swift */,
				89D91866239512CD00862EFF /* VehicleAnnotation.swift */,
			);
			path = Models;
			sourceTree = "<group>";
		};
		89D918482394CE0400862EFF /* Views */ = {
			isa = PBXGroup;
			children = (
				89D918542394E09100862EFF /* VehicleListViewController.swift */,
				89D918582394E0CA00862EFF /* VehicleListViewModel.swift */,
				89D918562394E0A500862EFF /* VehicleMapViewController.swift */,
				89D9185A2394E0D300862EFF /* VehicleMapViewModel.swift */,
				89D9185C2394E2FB00862EFF /* VehicleTableViewCell.swift */,
				89D9185E2394E34C00862EFF /* VehicleTableViewCell.xib */,
			);
			path = Views;
			sourceTree = "<group>";
		};
		89D9184B2394D46500862EFF /* Networking */ = {
			isa = PBXGroup;
			children = (
				89D9184D2394D6B200862EFF /* Service.swift */,
				89D9184E2394D6B200862EFF /* ServiceConstants.swift */,
			);
			path = Networking;
			sourceTree = "<group>";
		};
		89D918602395068300862EFF /* Navigation */ = {
			isa = PBXGroup;
			children = (
				89D91861239506C700862EFF /* Navigation.swift */,
			);
			path = Navigation;
			sourceTree = "<group>";
		};
		89D918632395107800862EFF /* Helper */ = {
			isa = PBXGroup;
			children = (
				4A0F4AB423951848000C609F /* PKLoader */,
				89D918642395107800862EFF /* AppGlobal.swift */,
			);
			path = Helper;
			sourceTree = "<group>";
		};
/* End PBXGroup section */

/* Begin PBXNativeTarget section */
		89D918142394CB1B00862EFF /* MapApplication */ = {
			isa = PBXNativeTarget;
			buildConfigurationList = 89D9183D2394CB1E00862EFF /* Build configuration list for PBXNativeTarget "MapApplication" */;
			buildPhases = (
				89D918112394CB1B00862EFF /* Sources */,
				89D918122394CB1B00862EFF /* Frameworks */,
				89D918132394CB1B00862EFF /* Resources */,
			);
			buildRules = (
			);
			dependencies = (
			);
			name = MapApplication;
			productName = MapApplication;
			productReference = 89D918152394CB1B00862EFF /* MapApplication.app */;
			productType = "com.apple.product-type.application";
		};
		89D918282394CB1E00862EFF /* MapApplicationTests */ = {
			isa = PBXNativeTarget;
			buildConfigurationList = 89D918402394CB1E00862EFF /* Build configuration list for PBXNativeTarget "MapApplicationTests" */;
			buildPhases = (
				89D918252394CB1E00862EFF /* Sources */,
				89D918262394CB1E00862EFF /* Frameworks */,
				89D918272394CB1E00862EFF /* Resources */,
			);
			buildRules = (
			);
			dependencies = (
				89D9182B2394CB1E00862EFF /* PBXTargetDependency */,
			);
			name = MapApplicationTests;
			productName = MapApplicationTests;
			productReference = 89D918292394CB1E00862EFF /* MapApplicationTests.xctest */;
			productType = "com.apple.product-type.bundle.unit-test";
		};
		89D918332394CB1E00862EFF /* MapApplicationUITests */ = {
			isa = PBXNativeTarget;
			buildConfigurationList = 89D918432394CB1E00862EFF /* Build configuration list for PBXNativeTarget "MapApplicationUITests" */;
			buildPhases = (
				89D918302394CB1E00862EFF /* Sources */,
				89D918312394CB1E00862EFF /* Frameworks */,
				89D918322394CB1E00862EFF /* Resources */,
			);
			buildRules = (
			);
			dependencies = (
				89D918362394CB1E00862EFF /* PBXTargetDependency */,
			);
			name = MapApplicationUITests;
			productName = MapApplicationUITests;
			productReference = 89D918342394CB1E00862EFF /* MapApplicationUITests.xctest */;
			productType = "com.apple.product-type.bundle.ui-testing";
		};
/* End PBXNativeTarget section */

/* Begin PBXProject section */
		89D9180D2394CB1B00862EFF /* Project object */ = {
			isa = PBXProject;
			attributes = {
				LastSwiftUpdateCheck = 1030;
				LastUpgradeCheck = 1030;
				ORGANIZATIONNAME = "Ankur Bansal";
				TargetAttributes = {
					89D918142394CB1B00862EFF = {
						CreatedOnToolsVersion = 10.3;
					};
					89D918282394CB1E00862EFF = {
						CreatedOnToolsVersion = 10.3;
						TestTargetID = 89D918142394CB1B00862EFF;
					};
					89D918332394CB1E00862EFF = {
						CreatedOnToolsVersion = 10.3;
						TestTargetID = 89D918142394CB1B00862EFF;
					};
				};
			};
			buildConfigurationList = 89D918102394CB1B00862EFF /* Build configuration list for PBXProject "MapApplication" */;
			compatibilityVersion = "Xcode 9.3";
			developmentRegion = en;
			hasScannedForEncodings = 0;
			knownRegions = (
				en,
				Base,
			);
			mainGroup = 89D9180C2394CB1B00862EFF;
			productRefGroup = 89D918162394CB1B00862EFF /* Products */;
			projectDirPath = "";
			projectRoot = "";
			targets = (
				89D918142394CB1B00862EFF /* MapApplication */,
				89D918282394CB1E00862EFF /* MapApplicationTests */,
				89D918332394CB1E00862EFF /* MapApplicationUITests */,
			);
		};
/* End PBXProject section */

/* Begin PBXResourcesBuildPhase section */
		89D918132394CB1B00862EFF /* Resources */ = {
			isa = PBXResourcesBuildPhase;
			buildActionMask = 2147483647;
			files = (
				89D9185F2394E34C00862EFF /* VehicleTableViewCell.xib in Resources */,
				89D918232394CB1E00862EFF /* LaunchScreen.storyboard in Resources */,
				89D918202394CB1E00862EFF /* Assets.xcassets in Resources */,
				89D9181E2394CB1B00862EFF /* Main.storyboard in Resources */,
			);
			runOnlyForDeploymentPostprocessing = 0;
		};
		89D918272394CB1E00862EFF /* Resources */ = {
			isa = PBXResourcesBuildPhase;
			buildActionMask = 2147483647;
			files = (
			);
			runOnlyForDeploymentPostprocessing = 0;
		};
		89D918322394CB1E00862EFF /* Resources */ = {
			isa = PBXResourcesBuildPhase;
			buildActionMask = 2147483647;
			files = (
			);
			runOnlyForDeploymentPostprocessing = 0;
		};
/* End PBXResourcesBuildPhase section */

/* Begin PBXSourcesBuildPhase section */
		89D918112394CB1B00862EFF /* Sources */ = {
			isa = PBXSourcesBuildPhase;
			buildActionMask = 2147483647;
			files = (
				89D9181B2394CB1B00862EFF /* ViewController.swift in Sources */,
				4A0F4AC123951848000C609F /* PKBallSpinFadeAnimation.swift in Sources */,
				4A0F4AC523951848000C609F /* PKCircleStrokeSpinAnimation.swift in Sources */,
				89D9184A2394CE5B00862EFF /* MapModel.swift in Sources */,
				89D918512394D6B200862EFF /* Service.swift in Sources */,
				89D91862239506C700862EFF /* Navigation.swift in Sources */,
				89D918552394E09100862EFF /* VehicleListViewController.swift in Sources */,
				4A0F4ABF23951848000C609F /* PKBallRotateChaseAnimation.swift in Sources */,
				89D9185B2394E0D300862EFF /* VehicleMapViewModel.swift in Sources */,
				4A0F4AC423951848000C609F /* PKLoaderSettings.swift in Sources */,
				89D918572394E0A500862EFF /* VehicleMapViewController.swift in Sources */,
				89D9185D2394E2FB00862EFF /* VehicleTableViewCell.swift in Sources */,
				4A0F4AC323951848000C609F /* PKIndicatorShape.swift in Sources */,
				89D918652395108100862EFF /* AppGlobal.swift in Sources */,
				89D918592394E0CA00862EFF /* VehicleListViewModel.swift in Sources */,
				4A0F4AC623951848000C609F /* PKBallClipRotateAnimation.swift in Sources */,
				4A0F4AC023951848000C609F /* PKLoader.swift in Sources */,
				89D918522394D6B200862EFF /* ServiceConstants.swift in Sources */,
				89D918192394CB1B00862EFF /* AppDelegate.swift in Sources */,
				89D91867239512CD00862EFF /* VehicleAnnotation.swift in Sources */,
				4A0F4AC223951848000C609F /* PKActivityIndicatorAnimation.swift in Sources */,
				4A0F4ABE23951848000C609F /* PKIndicatorView.swift in Sources */,
			);
			runOnlyForDeploymentPostprocessing = 0;
		};
		89D918252394CB1E00862EFF /* Sources */ = {
			isa = PBXSourcesBuildPhase;
			buildActionMask = 2147483647;
			files = (
				89D9182E2394CB1E00862EFF /* MapApplicationTests.swift in Sources */,
			);
			runOnlyForDeploymentPostprocessing = 0;
		};
		89D918302394CB1E00862EFF /* Sources */ = {
			isa = PBXSourcesBuildPhase;
			buildActionMask = 2147483647;
			files = (
				89D918392394CB1E00862EFF /* MapApplicationUITests.swift in Sources */,
			);
			runOnlyForDeploymentPostprocessing = 0;
		};
/* End PBXSourcesBuildPhase section */

/* Begin PBXTargetDependency section */
		89D9182B2394CB1E00862EFF /* PBXTargetDependency */ = {
			isa = PBXTargetDependency;
			target = 89D918142394CB1B00862EFF /* MapApplication */;
			targetProxy = 89D9182A2394CB1E00862EFF /* PBXContainerItemProxy */;
		};
		89D918362394CB1E00862EFF /* PBXTargetDependency */ = {
			isa = PBXTargetDependency;
			target = 89D918142394CB1B00862EFF /* MapApplication */;
			targetProxy = 89D918352394CB1E00862EFF /* PBXContainerItemProxy */;
		};
/* End PBXTargetDependency section */

/* Begin PBXVariantGroup section */
		89D9181C2394CB1B00862EFF /* Main.storyboard */ = {
			isa = PBXVariantGroup;
			children = (
				89D9181D2394CB1B00862EFF /* Base */,
			);
			name = Main.storyboard;
			sourceTree = "<group>";
		};
		89D918212394CB1E00862EFF /* LaunchScreen.storyboard */ = {
			isa = PBXVariantGroup;
			children = (
				89D918222394CB1E00862EFF /* Base */,
			);
			name = LaunchScreen.storyboard;
			sourceTree = "<group>";
		};
/* End PBXVariantGroup section */

/* Begin XCBuildConfiguration section */
		89D9183B2394CB1E00862EFF /* Debug */ = {
			isa = XCBuildConfiguration;
			buildSettings = {
				ALWAYS_SEARCH_USER_PATHS = NO;
				CLANG_ANALYZER_NONNULL = YES;
				CLANG_ANALYZER_NUMBER_OBJECT_CONVERSION = YES_AGGRESSIVE;
				CLANG_CXX_LANGUAGE_STANDARD = "gnu++14";
				CLANG_CXX_LIBRARY = "libc++";
				CLANG_ENABLE_MODULES = YES;
				CLANG_ENABLE_OBJC_ARC = YES;
				CLANG_ENABLE_OBJC_WEAK = YES;
				CLANG_WARN_BLOCK_CAPTURE_AUTORELEASING = YES;
				CLANG_WARN_BOOL_CONVERSION = YES;
				CLANG_WARN_COMMA = YES;
				CLANG_WARN_CONSTANT_CONVERSION = YES;
				CLANG_WARN_DEPRECATED_OBJC_IMPLEMENTATIONS = YES;
				CLANG_WARN_DIRECT_OBJC_ISA_USAGE = YES_ERROR;
				CLANG_WARN_DOCUMENTATION_COMMENTS = YES;
				CLANG_WARN_EMPTY_BODY = YES;
				CLANG_WARN_ENUM_CONVERSION = YES;
				CLANG_WARN_INFINITE_RECURSION = YES;
				CLANG_WARN_INT_CONVERSION = YES;
				CLANG_WARN_NON_LITERAL_NULL_CONVERSION = YES;
				CLANG_WARN_OBJC_IMPLICIT_RETAIN_SELF = YES;
				CLANG_WARN_OBJC_LITERAL_CONVERSION = YES;
				CLANG_WARN_OBJC_ROOT_CLASS = YES_ERROR;
				CLANG_WARN_RANGE_LOOP_ANALYSIS = YES;
				CLANG_WARN_STRICT_PROTOTYPES = YES;
				CLANG_WARN_SUSPICIOUS_MOVE = YES;
				CLANG_WARN_UNGUARDED_AVAILABILITY = YES_AGGRESSIVE;
				CLANG_WARN_UNREACHABLE_CODE = YES;
				CLANG_WARN__DUPLICATE_METHOD_MATCH = YES;
				CODE_SIGN_IDENTITY = "iPhone Developer";
				COPY_PHASE_STRIP = NO;
				DEBUG_INFORMATION_FORMAT = dwarf;
				ENABLE_STRICT_OBJC_MSGSEND = YES;
				ENABLE_TESTABILITY = YES;
				GCC_C_LANGUAGE_STANDARD = gnu11;
				GCC_DYNAMIC_NO_PIC = NO;
				GCC_NO_COMMON_BLOCKS = YES;
				GCC_OPTIMIZATION_LEVEL = 0;
				GCC_PREPROCESSOR_DEFINITIONS = (
					"DEBUG=1",
					"$(inherited)",
				);
				GCC_WARN_64_TO_32_BIT_CONVERSION = YES;
				GCC_WARN_ABOUT_RETURN_TYPE = YES_ERROR;
				GCC_WARN_UNDECLARED_SELECTOR = YES;
				GCC_WARN_UNINITIALIZED_AUTOS = YES_AGGRESSIVE;
				GCC_WARN_UNUSED_FUNCTION = YES;
				GCC_WARN_UNUSED_VARIABLE = YES;
				IPHONEOS_DEPLOYMENT_TARGET = 12.4;
				MTL_ENABLE_DEBUG_INFO = INCLUDE_SOURCE;
				MTL_FAST_MATH = YES;
				ONLY_ACTIVE_ARCH = YES;
				SDKROOT = iphoneos;
				SWIFT_ACTIVE_COMPILATION_CONDITIONS = DEBUG;
				SWIFT_OPTIMIZATION_LEVEL = "-Onone";
			};
			name = Debug;
		};
		89D9183C2394CB1E00862EFF /* Release */ = {
			isa = XCBuildConfiguration;
			buildSettings = {
				ALWAYS_SEARCH_USER_PATHS = NO;
				CLANG_ANALYZER_NONNULL = YES;
				CLANG_ANALYZER_NUMBER_OBJECT_CONVERSION = YES_AGGRESSIVE;
				CLANG_CXX_LANGUAGE_STANDARD = "gnu++14";
				CLANG_CXX_LIBRARY = "libc++";
				CLANG_ENABLE_MODULES = YES;
				CLANG_ENABLE_OBJC_ARC = YES;
				CLANG_ENABLE_OBJC_WEAK = YES;
				CLANG_WARN_BLOCK_CAPTURE_AUTORELEASING = YES;
				CLANG_WARN_BOOL_CONVERSION = YES;
				CLANG_WARN_COMMA = YES;
				CLANG_WARN_CONSTANT_CONVERSION = YES;
				CLANG_WARN_DEPRECATED_OBJC_IMPLEMENTATIONS = YES;
				CLANG_WARN_DIRECT_OBJC_ISA_USAGE = YES_ERROR;
				CLANG_WARN_DOCUMENTATION_COMMENTS = YES;
				CLANG_WARN_EMPTY_BODY = YES;
				CLANG_WARN_ENUM_CONVERSION = YES;
				CLANG_WARN_INFINITE_RECURSION = YES;
				CLANG_WARN_INT_CONVERSION = YES;
				CLANG_WARN_NON_LITERAL_NULL_CONVERSION = YES;
				CLANG_WARN_OBJC_IMPLICIT_RETAIN_SELF = YES;
				CLANG_WARN_OBJC_LITERAL_CONVERSION = YES;
				CLANG_WARN_OBJC_ROOT_CLASS = YES_ERROR;
				CLANG_WARN_RANGE_LOOP_ANALYSIS = YES;
				CLANG_WARN_STRICT_PROTOTYPES = YES;
				CLANG_WARN_SUSPICIOUS_MOVE = YES;
				CLANG_WARN_UNGUARDED_AVAILABILITY = YES_AGGRESSIVE;
				CLANG_WARN_UNREACHABLE_CODE = YES;
				CLANG_WARN__DUPLICATE_METHOD_MATCH = YES;
				CODE_SIGN_IDENTITY = "iPhone Developer";
				COPY_PHASE_STRIP = NO;
				DEBUG_INFORMATION_FORMAT = "dwarf-with-dsym";
				ENABLE_NS_ASSERTIONS = NO;
				ENABLE_STRICT_OBJC_MSGSEND = YES;
				GCC_C_LANGUAGE_STANDARD = gnu11;
				GCC_NO_COMMON_BLOCKS = YES;
				GCC_WARN_64_TO_32_BIT_CONVERSION = YES;
				GCC_WARN_ABOUT_RETURN_TYPE = YES_ERROR;
				GCC_WARN_UNDECLARED_SELECTOR = YES;
				GCC_WARN_UNINITIALIZED_AUTOS = YES_AGGRESSIVE;
				GCC_WARN_UNUSED_FUNCTION = YES;
				GCC_WARN_UNUSED_VARIABLE = YES;
				IPHONEOS_DEPLOYMENT_TARGET = 12.4;
				MTL_ENABLE_DEBUG_INFO = NO;
				MTL_FAST_MATH = YES;
				SDKROOT = iphoneos;
				SWIFT_COMPILATION_MODE = wholemodule;
				SWIFT_OPTIMIZATION_LEVEL = "-O";
				VALIDATE_PRODUCT = YES;
			};
			name = Release;
		};
		89D9183E2394CB1E00862EFF /* Debug */ = {
			isa = XCBuildConfiguration;
			buildSettings = {
				ASSETCATALOG_COMPILER_APPICON_NAME = AppIcon;
				CODE_SIGN_STYLE = Manual;
				DEVELOPMENT_TEAM = EJYWG5SDM6;
				INFOPLIST_FILE = MapApplication/Info.plist;
				LD_RUNPATH_SEARCH_PATHS = (
					"$(inherited)",
					"@executable_path/Frameworks",
				);
				PRODUCT_BUNDLE_IDENTIFIER = com.usbank.OmniMobileApp.dev;
				PRODUCT_NAME = "$(TARGET_NAME)";
				PROVISIONING_PROFILE_SPECIFIER = "OmniMobileApp Dev";
				SWIFT_VERSION = 5.0;
				TARGETED_DEVICE_FAMILY = "1,2";
			};
			name = Debug;
		};
		89D9183F2394CB1E00862EFF /* Release */ = {
			isa = XCBuildConfiguration;
			buildSettings = {
				ASSETCATALOG_COMPILER_APPICON_NAME = AppIcon;
				CODE_SIGN_STYLE = Manual;
				DEVELOPMENT_TEAM = EJYWG5SDM6;
				INFOPLIST_FILE = MapApplication/Info.plist;
				LD_RUNPATH_SEARCH_PATHS = (
					"$(inherited)",
					"@executable_path/Frameworks",
				);
				PRODUCT_BUNDLE_IDENTIFIER = com.usbank.OmniMobileApp.dev;
				PRODUCT_NAME = "$(TARGET_NAME)";
				PROVISIONING_PROFILE_SPECIFIER = "OmniMobileApp Dev";
				SWIFT_VERSION = 5.0;
				TARGETED_DEVICE_FAMILY = "1,2";
			};
			name = Release;
		};
		89D918412394CB1E00862EFF /* Debug */ = {
			isa = XCBuildConfiguration;
			buildSettings = {
				ALWAYS_EMBED_SWIFT_STANDARD_LIBRARIES = YES;
				BUNDLE_LOADER = "$(TEST_HOST)";
				CODE_SIGN_STYLE = Automatic;
				INFOPLIST_FILE = MapApplicationTests/Info.plist;
				LD_RUNPATH_SEARCH_PATHS = (
					"$(inherited)",
					"@executable_path/Frameworks",
					"@loader_path/Frameworks",
				);
				PRODUCT_BUNDLE_IDENTIFIER = Sapient.MapApplicationTests;
				PRODUCT_NAME = "$(TARGET_NAME)";
				SWIFT_VERSION = 5.0;
				TARGETED_DEVICE_FAMILY = "1,2";
				TEST_HOST = "$(BUILT_PRODUCTS_DIR)/MapApplication.app/MapApplication";
			};
			name = Debug;
		};
		89D918422394CB1E00862EFF /* Release */ = {
			isa = XCBuildConfiguration;
			buildSettings = {
				ALWAYS_EMBED_SWIFT_STANDARD_LIBRARIES = YES;
				BUNDLE_LOADER = "$(TEST_HOST)";
				CODE_SIGN_STYLE = Automatic;
				INFOPLIST_FILE = MapApplicationTests/Info.plist;
				LD_RUNPATH_SEARCH_PATHS = (
					"$(inherited)",
					"@executable_path/Frameworks",
					"@loader_path/Frameworks",
				);
				PRODUCT_BUNDLE_IDENTIFIER = Sapient.MapApplicationTests;
				PRODUCT_NAME = "$(TARGET_NAME)";
				SWIFT_VERSION = 5.0;
				TARGETED_DEVICE_FAMILY = "1,2";
				TEST_HOST = "$(BUILT_PRODUCTS_DIR)/MapApplication.app/MapApplication";
			};
			name = Release;
		};
		89D918442394CB1E00862EFF /* Debug */ = {
			isa = XCBuildConfiguration;
			buildSettings = {
				ALWAYS_EMBED_SWIFT_STANDARD_LIBRARIES = YES;
				CODE_SIGN_STYLE = Automatic;
				INFOPLIST_FILE = MapApplicationUITests/Info.plist;
				LD_RUNPATH_SEARCH_PATHS = (
					"$(inherited)",
					"@executable_path/Frameworks",
					"@loader_path/Frameworks",
				);
				PRODUCT_BUNDLE_IDENTIFIER = Sapient.MapApplicationUITests;
				PRODUCT_NAME = "$(TARGET_NAME)";
				SWIFT_VERSION = 5.0;
				TARGETED_DEVICE_FAMILY = "1,2";
				TEST_TARGET_NAME = MapApplication;
			};
			name = Debug;
		};
		89D918452394CB1E00862EFF /* Release */ = {
			isa = XCBuildConfiguration;
			buildSettings = {
				ALWAYS_EMBED_SWIFT_STANDARD_LIBRARIES = YES;
				CODE_SIGN_STYLE = Automatic;
				INFOPLIST_FILE = MapApplicationUITests/Info.plist;
				LD_RUNPATH_SEARCH_PATHS = (
					"$(inherited)",
					"@executable_path/Frameworks",
					"@loader_path/Frameworks",
				);
				PRODUCT_BUNDLE_IDENTIFIER = Sapient.MapApplicationUITests;
				PRODUCT_NAME = "$(TARGET_NAME)";
				SWIFT_VERSION = 5.0;
				TARGETED_DEVICE_FAMILY = "1,2";
				TEST_TARGET_NAME = MapApplication;
			};
			name = Release;
		};
/* End XCBuildConfiguration section */

/* Begin XCConfigurationList section */
		89D918102394CB1B00862EFF /* Build configuration list for PBXProject "MapApplication" */ = {
			isa = XCConfigurationList;
			buildConfigurations = (
				89D9183B2394CB1E00862EFF /* Debug */,
				89D9183C2394CB1E00862EFF /* Release */,
			);
			defaultConfigurationIsVisible = 0;
			defaultConfigurationName = Release;
		};
		89D9183D2394CB1E00862EFF /* Build configuration list for PBXNativeTarget "MapApplication" */ = {
			isa = XCConfigurationList;
			buildConfigurations = (
				89D9183E2394CB1E00862EFF /* Debug */,
				89D9183F2394CB1E00862EFF /* Release */,
			);
			defaultConfigurationIsVisible = 0;
			defaultConfigurationName = Release;
		};
		89D918402394CB1E00862EFF /* Build configuration list for PBXNativeTarget "MapApplicationTests" */ = {
			isa = XCConfigurationList;
			buildConfigurations = (
				89D918412394CB1E00862EFF /* Debug */,
				89D918422394CB1E00862EFF /* Release */,
			);
			defaultConfigurationIsVisible = 0;
			defaultConfigurationName = Release;
		};
		89D918432394CB1E00862EFF /* Build configuration list for PBXNativeTarget "MapApplicationUITests" */ = {
			isa = XCConfigurationList;
			buildConfigurations = (
				89D918442394CB1E00862EFF /* Debug */,
				89D918452394CB1E00862EFF /* Release */,
			);
			defaultConfigurationIsVisible = 0;
			defaultConfigurationName = Release;
		};
/* End XCConfigurationList section */
	};
	rootObject = 89D9180D2394CB1B00862EFF /* Project object */;
}
